UPSTREAM_REPO=https://github.com/openai/codex.git
UPSTREAM_COMMIT=633ab199cfd724aa78013c006b27a2b3d049fc3b
UPSTREAM_VERSION=0.152.0-main.20260901
RUST_TOOLCHAIN=1.95.0
PATCH_VERSION=2
EXPECTED_CLI_VERSION=0.152.0-statusline.2
PATCH_SHA256=5bd1e8ab1e159fd198f8ad162218e4d44d9613cfcfc1446f19dcdbe1e1462329
